// !$*UTF8*$!
{
	archiveVersion = 1;
	classes = {
	};
	objectVersion = 46;
	objects = {

/* Begin PBXBuildFile section */
		3344FABC320F0D902A06FD36 /* libPods-ssau-chat-ibasUITests.a in Frameworks */ = {isa = PBXBuildFile; fileRef = 63771A0F4345E2B1F4A35F22 /* libPods-ssau-chat-ibasUITests.a */; };
		496F14313FE6D13397FB8FEA /* libPods-ssau-chat-ibas.a in Frameworks */ = {isa = PBXBuildFile; fileRef = A0B72750C962D7FAB2FAF488 /* libPods-ssau-chat-ibas.a */; };
		68EC348AAE2C28B41B067B5F /* libPods-ssau-chat-ibasTests.a in Frameworks */ = {isa = PBXBuildFile; fileRef = 80115AB9B6C65CD990EE718C /* libPods-ssau-chat-ibasTests.a */; };
		B08CFA551DE1D93D00BB0ABA /* main.m in Sources */ = {isa = PBXBuildFile; fileRef = B08CFA541DE1D93D00BB0ABA /* main.m */; };
		B08CFA581DE1D93D00BB0ABA /* AppDelegate.m in Sources */ = {isa = PBXBuildFile; fileRef = B08CFA571DE1D93D00BB0ABA /* AppDelegate.m */; };
		B08CFA5B1DE1D93D00BB0ABA /* ViewController.m in Sources */ = {isa = PBXBuildFile; fileRef = B08CFA5A1DE1D93D00BB0ABA /* ViewController.m */; };
		B08CFA5E1DE1D93D00BB0ABA /* Main.storyboard in Resources */ = {isa = PBXBuildFile; fileRef = B08CFA5C1DE1D93D00BB0ABA /* Main.storyboard */; };
		B08CFA601DE1D93D00BB0ABA /* Assets.xcassets in Resources */ = {isa = PBXBuildFile; fileRef = B08CFA5F1DE1D93D00BB0ABA /* Assets.xcassets */; };
		B08CFA631DE1D93D00BB0ABA /* LaunchScreen.storyboard in Resources */ = {isa = PBXBuildFile; fileRef = B08CFA611DE1D93D00BB0ABA /* LaunchScreen.storyboard */; };
		B08CFA6E1DE1D93D00BB0ABA /* ssau_chat_ibasTests.m in Sources */ = {isa = PBXBuildFile; fileRef = B08CFA6D1DE1D93D00BB0ABA /* ssau_chat_ibasTests.m */; };
		B08CFA791DE1D93D00BB0ABA /* ssau_chat_ibasUITests.m in Sources */ = {isa = PBXBuildFile; fileRef = B08CFA781DE1D93D00BB0ABA /* ssau_chat_ibasUITests.m */; };
/* End PBXBuildFile section */

/* Begin PBXContainerItemProxy section */
		B08CFA6A1DE1D93D00BB0ABA /* PBXContainerItemProxy */ = {
			isa = PBXContainerItemProxy;
			containerPortal = B08CFA481DE1D93C00BB0ABA /* Project object */;
			proxyType = 1;
			remoteGlobalIDString = B08CFA4F1DE1D93D00BB0ABA;
			remoteInfo = "ssau-chat-ibas";
		};
		B08CFA751DE1D93D00BB0ABA /* PBXContainerItemProxy */ = {
			isa = PBXContainerItemProxy;
			containerPortal = B08CFA481DE1D93C00BB0ABA /* Project object */;
			proxyType = 1;
			remoteGlobalIDString = B08CFA4F1DE1D93D00BB0ABA;
			remoteInfo = "ssau-chat-ibas";
		};
/* End PBXContainerItemProxy section */

/* Begin PBXFileReference section */
		16F4402B89B5D301A93DCC34 /* Pods-ssau-chat-ibasTests.debug.xcconfig */ = {isa = PBXFileReference; includeInIndex = 1; lastKnownFileType = text.xcconfig; name = "Pods-ssau-chat-ibasTests.debug.xcconfig"; path = "Pods/Target Support Files/Pods-ssau-chat-ibasTests/Pods-ssau-chat-ibasTests.debug.xcconfig"; sourceTree = "<group>"; };
		63771A0F4345E2B1F4A35F22 /* libPods-ssau-chat-ibasUITests.a */ = {isa = PBXFileReference; explicitFileType = archive.ar; includeInIndex = 0; path = "libPods-ssau-chat-ibasUITests.a"; sourceTree = BUILT_PRODUCTS_DIR; };
		76E92BF15A508964965FC43B /* Pods-ssau-chat-ibasUITests.debug.xcconfig */ = {isa = PBXFileReference; includeInIndex = 1; lastKnownFileType = text.xcconfig; name = "Pods-ssau-chat-ibasUITests.debug.xcconfig"; path = "Pods/Target Support Files/Pods-ssau-chat-ibasUITests/Pods-ssau-chat-ibasUITests.debug.xcconfig"; sourceTree = "<group>"; };
		80115AB9B6C65CD990EE718C /* libPods-ssau-chat-ibasTests.a */ = {isa = PBXFileReference; explicitFileType = archive.ar; includeInIndex = 0; path = "libPods-ssau-chat-ibasTests.a"; sourceTree = BUILT_PRODUCTS_DIR; };
		9054DE7294751D39DBCBB8B9 /* Pods-ssau-chat-ibasUITests.release.xcconfig */ = {isa = PBXFileReference; includeInIndex = 1; lastKnownFileType = text.xcconfig; name = "Pods-ssau-chat-ibasUITests.release.xcconfig"; path = "Pods/Target Support Files/Pods-ssau-chat-ibasUITests/Pods-ssau-chat-ibasUITests.release.xcconfig"; sourceTree = "<group>"; };
		A0B72750C962D7FAB2FAF488 /* libPods-ssau-chat-ibas.a */ = {isa = PBXFileReference; explicitFileType = archive.ar; includeInIndex = 0; path = "libPods-ssau-chat-ibas.a"; sourceTree = BUILT_PRODUCTS_DIR; };
		A1083EA35C99D5301FB15402 /* Pods-ssau-chat-ibas.debug.xcconfig */ = {isa = PBXFileReference; includeInIndex = 1; lastKnownFileType = text.xcconfig; name = "Pods-ssau-chat-ibas.debug.xcconfig"; path = "Pods/Target Support Files/Pods-ssau-chat-ibas/Pods-ssau-chat-ibas.debug.xcconfig"; sourceTree = "<group>"; };
		B08CFA501DE1D93D00BB0ABA /* ssau-chat-ibas.app */ = {isa = PBXFileReference; explicitFileType = wrapper.application; includeInIndex = 0; path = "ssau-chat-ibas.app"; sourceTree = BUILT_PRODUCTS_DIR; };
		B08CFA541DE1D93D00BB0ABA /* main.m */ = {isa = PBXFileReference; lastKnownFileType = sourcecode.c.objc; path = main.m; sourceTree = "<group>"; };
		B08CFA561DE1D93D00BB0ABA /* AppDelegate.h */ = {isa = PBXFileReference; lastKnownFileType = sourcecode.c.h; path = AppDelegate.h; sourceTree = "<group>"; };
		B08CFA571DE1D93D00BB0ABA /* AppDelegate.m */ = {isa = PBXFileReference; lastKnownFileType = sourcecode.c.objc; path = AppDelegate.m; sourceTree = "<group>"; };
		B08CFA591DE1D93D00BB0ABA /* ViewController.h */ = {isa = PBXFileReference; lastKnownFileType = sourcecode.c.h; path = ViewController.h; sourceTree = "<group>"; };
		B08CFA5A1DE1D93D00BB0ABA /* ViewController.m */ = {isa = PBXFileReference; lastKnownFileType = sourcecode.c.objc; path = ViewController.m; sourceTree = "<group>"; };
		B08CFA5D1DE1D93D00BB0ABA /* Base */ = {isa = PBXFileReference; lastKnownFileType = file.storyboard; name = Base; path = Base.lproj/Main.storyboard; sourceTree = "<group>"; };
		B08CFA5F1DE1D93D00BB0ABA /* Assets.xcassets */ = {isa = PBXFileReference; lastKnownFileType = folder.assetcatalog; path = Assets.xcassets; sourceTree = "<group>"; };
		B08CFA621DE1D93D00BB0ABA /* Base */ = {isa = PBXFileReference; lastKnownFileType = file.storyboard; name = Base; path = Base.lproj/LaunchScreen.storyboard; sourceTree = "<group>"; };
		B08CFA641DE1D93D00BB0ABA /* Info.plist */ = {isa = PBXFileReference; lastKnownFileType = text.plist.xml; path = Info.plist; sourceTree = "<group>"; };
		B08CFA691DE1D93D00BB0ABA /* ssau-chat-ibasTests.xctest */ = {isa = PBXFileReference; explicitFileType = wrapper.cfbundle; includeInIndex = 0; path = "ssau-chat-ibasTests.xctest"; sourceTree = BUILT_PRODUCTS_DIR; };
		B08CFA6D1DE1D93D00BB0ABA /* ssau_chat_ibasTests.m */ = {isa = PBXFileReference; lastKnownFileType = sourcecode.c.objc; path = ssau_chat_ibasTests.m; sourceTree = "<group>"; };
		B08CFA6F1DE1D93D00BB0ABA /* Info.plist */ = {isa = PBXFileReference; lastKnownFileType = text.plist.xml; path = Info.plist; sourceTree = "<group>"; };
		B08CFA741DE1D93D00BB0ABA /* ssau-chat-ibasUITests.xctest */ = {isa = PBXFileReference; explicitFileType = wrapper.cfbundle; includeInIndex = 0; path = "ssau-chat-ibasUITests.xctest"; sourceTree = BUILT_PRODUCTS_DIR; };
		B08CFA781DE1D93D00BB0ABA /* ssau_chat_ibasUITests.m */ = {isa = PBXFileReference; lastKnownFileType = sourcecode.c.objc; path = ssau_chat_ibasUITests.m; sourceTree = "<group>"; };
		B08CFA7A1DE1D93D00BB0ABA /* Info.plist */ = {isa = PBXFileReference; lastKnownFileType = text.plist.xml; path = Info.plist; sourceTree = "<group>"; };
		F52C3301CEE6C6235AFBB9DC /* Pods-ssau-chat-ibas.release.xcconfig */ = {isa = PBXFileReference; includeInIndex = 1; lastKnownFileType = text.xcconfig; name = "Pods-ssau-chat-ibas.release.xcconfig"; path = "Pods/Target Support Files/Pods-ssau-chat-ibas/Pods-ssau-chat-ibas.release.xcconfig"; sourceTree = "<group>"; };
		F72C2355A2BF0354E0AFF80E /* Pods-ssau-chat-ibasTests.release.xcconfig */ = {isa = PBXFileReference; includeInIndex = 1; lastKnownFileType = text.xcconfig; name = "Pods-ssau-chat-ibasTests.release.xcconfig"; path = "Pods/Target Support Files/Pods-ssau-chat-ibasTests/Pods-ssau-chat-ibasTests.release.xcconfig"; sourceTree = "<group>"; };
/* End PBXFileReference section */

/* Begin PBXFrameworksBuildPhase section */
		B08CFA4D1DE1D93D00BB0ABA /* Frameworks */ = {
			isa = PBXFrameworksBuildPhase;
			buildActionMask = 2147483647;
			files = (
				496F14313FE6D13397FB8FEA /* libPods-ssau-chat-ibas.a in Frameworks */,
			);
			runOnlyForDeploymentPostprocessing = 0;
		};
		B08CFA661DE1D93D00BB0ABA /* Frameworks */ = {
			isa = PBXFrameworksBuildPhase;
			buildActionMask = 2147483647;
			files = (
				68EC348AAE2C28B41B067B5F /* libPods-ssau-chat-ibasTests.a in Frameworks */,
			);
			runOnlyForDeploymentPostprocessing = 0;
		};
		B08CFA711DE1D93D00BB0ABA /* Frameworks */ = {
			isa = PBXFrameworksBuildPhase;
			buildActionMask = 2147483647;
			files = (
				3344FABC320F0D902A06FD36 /* libPods-ssau-chat-ibasUITests.a in Frameworks */,
			);
			runOnlyForDeploymentPostprocessing = 0;
		};
/* End PBXFrameworksBuildPhase section */

/* Begin PBXGroup section */
		02EE7F6E74B3B2E8D01D74A6 /* Pods */ = {
			isa = PBXGroup;
			children = (
				A1083EA35C99D5301FB15402 /* Pods-ssau-chat-ibas.debug.xcconfig */,
				F52C3301CEE6C6235AFBB9DC /* Pods-ssau-chat-ibas.release.xcconfig */,
				16F4402B89B5D301A93DCC34 /* Pods-ssau-chat-ibasTests.debug.xcconfig */,
				F72C2355A2BF0354E0AFF80E /* Pods-ssau-chat-ibasTests.release.xcconfig */,
				76E92BF15A508964965FC43B /* Pods-ssau-chat-ibasUITests.debug.xcconfig */,
				9054DE7294751D39DBCBB8B9 /* Pods-ssau-chat-ibasUITests.release.xcconfig */,
			);
			name = Pods;
			sourceTree = "<group>";
		};
		B08CFA471DE1D93C00BB0ABA = {
			isa = PBXGroup;
			children = (
				B08CFA521DE1D93D00BB0ABA /* ssau-chat-ibas */,
				B08CFA6C1DE1D93D00BB0ABA /* ssau-chat-ibasTests */,
				B08CFA771DE1D93D00BB0ABA /* ssau-chat-ibasUITests */,
				B08CFA511DE1D93D00BB0ABA /* Products */,
				02EE7F6E74B3B2E8D01D74A6 /* Pods */,
				E290CFA115F7D2D16004BBA1 /* Frameworks */,
			);
			sourceTree = "<group>";
		};
		B08CFA511DE1D93D00BB0ABA /* Products */ = {
			isa = PBXGroup;
			children = (
				B08CFA501DE1D93D00BB0ABA /* ssau-chat-ibas.app */,
				B08CFA691DE1D93D00BB0ABA /* ssau-chat-ibasTests.xctest */,
				B08CFA741DE1D93D00BB0ABA /* ssau-chat-ibasUITests.xctest */,
			);
			name = Products;
			sourceTree = "<group>";
		};
		B08CFA521DE1D93D00BB0ABA /* ssau-chat-ibas */ = {
			isa = PBXGroup;
			children = (
				B08CFA561DE1D93D00BB0ABA /* AppDelegate.h */,
				B08CFA571DE1D93D00BB0ABA /* AppDelegate.m */,
				B08CFA591DE1D93D00BB0ABA /* ViewController.h */,
				B08CFA5A1DE1D93D00BB0ABA /* ViewController.m */,
				B08CFA5C1DE1D93D00BB0ABA /* Main.storyboard */,
				B08CFA5F1DE1D93D00BB0ABA /* Assets.xcassets */,
				B08CFA611DE1D93D00BB0ABA /* LaunchScreen.storyboard */,
				B08CFA641DE1D93D00BB0ABA /* Info.plist */,
				B08CFA531DE1D93D00BB0ABA /* Supporting Files */,
			);
			path = "ssau-chat-ibas";
			sourceTree = "<group>";
		};
		B08CFA531DE1D93D00BB0ABA /* Supporting Files */ = {
			isa = PBXGroup;
			children = (
				B08CFA541DE1D93D00BB0ABA /* main.m */,
			);
			name = "Supporting Files";
			sourceTree = "<group>";
		};
		B08CFA6C1DE1D93D00BB0ABA /* ssau-chat-ibasTests */ = {
			isa = PBXGroup;
			children = (
				B08CFA6D1DE1D93D00BB0ABA /* ssau_chat_ibasTests.m */,
				B08CFA6F1DE1D93D00BB0ABA /* Info.plist */,
			);
			path = "ssau-chat-ibasTests";
			sourceTree = "<group>";
		};
		B08CFA771DE1D93D00BB0ABA /* ssau-chat-ibasUITests */ = {
			isa = PBXGroup;
			children = (
				B08CFA781DE1D93D00BB0ABA /* ssau_chat_ibasUITests.m */,
				B08CFA7A1DE1D93D00BB0ABA /* Info.plist */,
			);
			path = "ssau-chat-ibasUITests";
			sourceTree = "<group>";
		};
		E290CFA115F7D2D16004BBA1 /* Frameworks */ = {
			isa = PBXGroup;
			children = (
				A0B72750C962D7FAB2FAF488 /* libPods-ssau-chat-ibas.a */,
				80115AB9B6C65CD990EE718C /* libPods-ssau-chat-ibasTests.a */,
				63771A0F4345E2B1F4A35F22 /* libPods-ssau-chat-ibasUITests.a */,
			);
			name = Frameworks;
			sourceTree = "<group>";
		};
/* End PBXGroup section */

/* Begin PBXNativeTarget section */
		B08CFA4F1DE1D93D00BB0ABA /* ssau-chat-ibas */ = {
			isa = PBXNativeTarget;
			buildConfigurationList = B08CFA7D1DE1D93D00BB0ABA /* Build configuration list for PBXNativeTarget "ssau-chat-ibas" */;
			buildPhases = (
				CAFB830B57750371D5861428 /* [CP] Check Pods Manifest.lock */,
				B08CFA4C1DE1D93D00BB0ABA /* Sources */,
				B08CFA4D1DE1D93D00BB0ABA /* Frameworks */,
				B08CFA4E1DE1D93D00BB0ABA /* Resources */,
				5AD66A34AEA059487931F07B /* [CP] Embed Pods Frameworks */,
				72516702D7DEDE0FCAC80B5D /* [CP] Copy Pods Resources */,
			);
			buildRules = (
			);
			dependencies = (
			);
			name = "ssau-chat-ibas";
			productName = "ssau-chat-ibas";
			productReference = B08CFA501DE1D93D00BB0ABA /* ssau-chat-ibas.app */;
			productType = "com.apple.product-type.application";
		};
		B08CFA681DE1D93D00BB0ABA /* ssau-chat-ibasTests */ = {
			isa = PBXNativeTarget;
			buildConfigurationList = B08CFA801DE1D93D00BB0ABA /* Build configuration list for PBXNativeTarget "ssau-chat-ibasTests" */;
			buildPhases = (
				553C49DCAE3319431B5239F4 /* [CP] Check Pods Manifest.lock */,
				B08CFA651DE1D93D00BB0ABA /* Sources */,
				B08CFA661DE1D93D00BB0ABA /* Frameworks */,
				B08CFA671DE1D93D00BB0ABA /* Resources */,
				42ED7FD115D2B739935A29EB /* [CP] Embed Pods Frameworks */,
				8FE2737083BC99D5FCD4602C /* [CP] Copy Pods Resources */,
			);
			buildRules = (
			);
			dependencies = (
				B08CFA6B1DE1D93D00BB0ABA /* PBXTargetDependency */,
			);
			name = "ssau-chat-ibasTests";
			productName = "ssau-chat-ibasTests";
			productReference = B08CFA691DE1D93D00BB0ABA /* ssau-chat-ibasTests.xctest */;
			productType = "com.apple.product-type.bundle.unit-test";
		};
		B08CFA731DE1D93D00BB0ABA /* ssau-chat-ibasUITests */ = {
			isa = PBXNativeTarget;
			buildConfigurationList = B08CFA831DE1D93D00BB0ABA /* Build configuration list for PBXNativeTarget "ssau-chat-ibasUITests" */;
			buildPhases = (
				6775340BD651A539108205A2 /* [CP] Check Pods Manifest.lock */,
				B08CFA701DE1D93D00BB0ABA /* Sources */,
				B08CFA711DE1D93D00BB0ABA /* Frameworks */,
				B08CFA721DE1D93D00BB0ABA /* Resources */,
				383C07E4BEF2B50697FD57B9 /* [CP] Embed Pods Frameworks */,
				45DD81E786119F45CF083879 /* [CP] Copy Pods Resources */,
			);
			buildRules = (
			);
			dependencies = (
				B08CFA761DE1D93D00BB0ABA /* PBXTargetDependency */,
			);
			name = "ssau-chat-ibasUITests";
			productName = "ssau-chat-ibasUITests";
			productReference = B08CFA741DE1D93D00BB0ABA /* ssau-chat-ibasUITests.xctest */;
			productType = "com.apple.product-type.bundle.ui-testing";
		};
/* End PBXNativeTarget section */

/* Begin PBXProject section */
		B08CFA481DE1D93C00BB0ABA /* Project object */ = {
			isa = PBXProject;
			attributes = {
				LastUpgradeCheck = 0800;
				ORGANIZATIONNAME = "Ilya Glazunov";
				TargetAttributes = {
					B08CFA4F1DE1D93D00BB0ABA = {
						CreatedOnToolsVersion = 8.0;
						DevelopmentTeam = YJ7WEU84RH;
						ProvisioningStyle = Automatic;
					};
					B08CFA681DE1D93D00BB0ABA = {
						CreatedOnToolsVersion = 8.0;
						DevelopmentTeam = YJ7WEU84RH;
						ProvisioningStyle = Automatic;
						TestTargetID = B08CFA4F1DE1D93D00BB0ABA;
					};
					B08CFA731DE1D93D00BB0ABA = {
						CreatedOnToolsVersion = 8.0;
						DevelopmentTeam = YJ7WEU84RH;
						ProvisioningStyle = Automatic;
						TestTargetID = B08CFA4F1DE1D93D00BB0ABA;
					};
				};
			};
			buildConfigurationList = B08CFA4B1DE1D93C00BB0ABA /* Build configuration list for PBXProject "ssau-chat-ibas" */;
			compatibilityVersion = "Xcode 3.2";
			developmentRegion = English;
			hasScannedForEncodings = 0;
			knownRegions = (
				en,
				Base,
			);
			mainGroup = B08CFA471DE1D93C00BB0ABA;
			productRefGroup = B08CFA511DE1D93D00BB0ABA /* Products */;
			projectDirPath = "";
			projectRoot = "";
			targets = (
				B08CFA4F1DE1D93D00BB0ABA /* ssau-chat-ibas */,
				B08CFA681DE1D93D00BB0ABA /* ssau-chat-ibasTests */,
				B08CFA731DE1D93D00BB0ABA /* ssau-chat-ibasUITests */,
			);
		};
/* End PBXProject section */

/* Begin PBXResourcesBuildPhase section */
		B08CFA4E1DE1D93D00BB0ABA /* Resources */ = {
			isa = PBXResourcesBuildPhase;
			buildActionMask = 2147483647;
			files = (
				B08CFA631DE1D93D00BB0ABA /* LaunchScreen.storyboard in Resources */,
				B08CFA601DE1D93D00BB0ABA /* Assets.xcassets in Resources */,
				B08CFA5E1DE1D93D00BB0ABA /* Main.storyboard in Resources */,
			);
			runOnlyForDeploymentPostprocessing = 0;
		};
		B08CFA671DE1D93D00BB0ABA /* Resources */ = {
			isa = PBXResourcesBuildPhase;
			buildActionMask = 2147483647;
			files = (
			);
			runOnlyForDeploymentPostprocessing = 0;
		};
		B08CFA721DE1D93D00BB0ABA /* Resources */ = {
			isa = PBXResourcesBuildPhase;
			buildActionMask = 2147483647;
			files = (
			);
			runOnlyForDeploymentPostprocessing = 0;
		};
/* End PBXResourcesBuildPhase section */

/* Begin PBXShellScriptBuildPhase section */
		383C07E4BEF2B50697FD57B9 /* [CP] Embed Pods Frameworks */ = {
			isa = PBXShellScriptBuildPhase;
			buildActionMask = 2147483647;
			files = (
			);
			inputPaths = (
			);
			name = "[CP] Embed Pods Frameworks";
			outputPaths = (
			);
			runOnlyForDeploymentPostprocessing = 0;
			shellPath = /bin/sh;
			shellScript = "\"${SRCROOT}/Pods/Target Support Files/Pods-ssau-chat-ibasUITests/Pods-ssau-chat-ibasUITests-frameworks.sh\"\n";
			showEnvVarsInLog = 0;
		};
		42ED7FD115D2B739935A29EB /* [CP] Embed Pods Frameworks */ = {
			isa = PBXShellScriptBuildPhase;
			buildActionMask = 2147483647;
			files = (
			);
			inputPaths = (
			);
			name = "[CP] Embed Pods Frameworks";
			outputPaths = (
			);
			runOnlyForDeploymentPostprocessing = 0;
			shellPath = /bin/sh;
			shellScript = "\"${SRCROOT}/Pods/Target Support Files/Pods-ssau-chat-ibasTests/Pods-ssau-chat-ibasTests-frameworks.sh\"\n";
			showEnvVarsInLog = 0;
		};
		45DD81E786119F45CF083879 /* [CP] Copy Pods Resources */ = {
			isa = PBXShellScriptBuildPhase;
			buildActionMask = 2147483647;
			files = (
			);
			inputPaths = (
			);
			name = "[CP] Copy Pods Resources";
			outputPaths = (
			);
			runOnlyForDeploymentPostprocessing = 0;
			shellPath = /bin/sh;
			shellScript = "\"${SRCROOT}/Pods/Target Support Files/Pods-ssau-chat-ibasUITests/Pods-ssau-chat-ibasUITests-resources.sh\"\n";
			showEnvVarsInLog = 0;
		};
		553C49DCAE3319431B5239F4 /* [CP] Check Pods Manifest.lock */ = {
			isa = PBXShellScriptBuildPhase;
			buildActionMask = 2147483647;
			files = (
			);
			inputPaths = (
			);
			name = "[CP] Check Pods Manifest.lock";
			outputPaths = (
			);
			runOnlyForDeploymentPostprocessing = 0;
			shellPath = /bin/sh;
			shellScript = "diff \"${PODS_ROOT}/../Podfile.lock\" \"${PODS_ROOT}/Manifest.lock\" > /dev/null\nif [ $? != 0 ] ; then\n    # print error to STDERR\n    echo \"error: The sandbox is not in sync with the Podfile.lock. Run 'pod install' or update your CocoaPods installation.\" >&2\n    exit 1\nfi\n";
			showEnvVarsInLog = 0;
		};
		5AD66A34AEA059487931F07B /* [CP] Embed Pods Frameworks */ = {
			isa = PBXShellScriptBuildPhase;
			buildActionMask = 2147483647;
			files = (
			);
			inputPaths = (
			);
			name = "[CP] Embed Pods Frameworks";
			outputPaths = (
			);
			runOnlyForDeploymentPostprocessing = 0;
			shellPath = /bin/sh;
			shellScript = "\"${SRCROOT}/Pods/Target Support Files/Pods-ssau-chat-ibas/Pods-ssau-chat-ibas-frameworks.sh\"\n";
			showEnvVarsInLog = 0;
		};
		6775340BD651A539108205A2 /* [CP] Check Pods Manifest.lock */ = {
			isa = PBXShellScriptBuildPhase;
			buildActionMask = 2147483647;
			files = (
			);
			inputPaths = (
			);
			name = "[CP] Check Pods Manifest.lock";
			outputPaths = (
			);
			runOnlyForDeploymentPostprocessing = 0;
			shellPath = /bin/sh;
			shellScript = "diff \"${PODS_ROOT}/../Podfile.lock\" \"${PODS_ROOT}/Manifest.lock\" > /dev/null\nif [ $? != 0 ] ; then\n    # print error to STDERR\n    echo \"error: The sandbox is not in sync with the Podfile.lock. Run 'pod install' or update your CocoaPods installation.\" >&2\n    exit 1\nfi\n";
			showEnvVarsInLog = 0;
		};
		72516702D7DEDE0FCAC80B5D /* [CP] Copy Pods Resources */ = {
			isa = PBXShellScriptBuildPhase;
			buildActionMask = 2147483647;
			files = (
			);
			inputPaths = (
			);
			name = "[CP] Copy Pods Resources";
			outputPaths = (
			);
			runOnlyForDeploymentPostprocessing = 0;
			shellPath = /bin/sh;
			shellScript = "\"${SRCROOT}/Pods/Target Support Files/Pods-ssau-chat-ibas/Pods-ssau-chat-ibas-resources.sh\"\n";
			showEnvVarsInLog = 0;
		};
		8FE2737083BC99D5FCD4602C /* [CP] Copy Pods Resources */ = {
			isa = PBXShellScriptBuildPhase;
			buildActionMask = 2147483647;
			files = (
			);
			inputPaths = (
			);
			name = "[CP] Copy Pods Resources";
			outputPaths = (
			);
			runOnlyForDeploymentPostprocessing = 0;
			shellPath = /bin/sh;
			shellScript = "\"${SRCROOT}/Pods/Target Support Files/Pods-ssau-chat-ibasTests/Pods-ssau-chat-ibasTests-resources.sh\"\n";
			showEnvVarsInLog = 0;
		};
		CAFB830B57750371D5861428 /* [CP] Check Pods Manifest.lock */ = {
			isa = PBXShellScriptBuildPhase;
			buildActionMask = 2147483647;
			files = (
			);
			inputPaths = (
			);
			name = "[CP] Check Pods Manifest.lock";
			outputPaths = (
			);
			runOnlyForDeploymentPostprocessing = 0;
			shellPath = /bin/sh;
			shellScript = "diff \"${PODS_ROOT}/../Podfile.lock\" \"${PODS_ROOT}/Manifest.lock\" > /dev/null\nif [ $? != 0 ] ; then\n    # print error to STDERR\n    echo \"error: The sandbox is not in sync with the Podfile.lock. Run 'pod install' or update your CocoaPods installation.\" >&2\n    exit 1\nfi\n";
			showEnvVarsInLog = 0;
		};
/* End PBXShellScriptBuildPhase section */

/* Begin PBXSourcesBuildPhase section */
		B08CFA4C1DE1D93D00BB0ABA /* Sources */ = {
			isa = PBXSourcesBuildPhase;
			buildActionMask = 2147483647;
			files = (
				B08CFA5B1DE1D93D00BB0ABA /* ViewController.m in Sources */,
				B08CFA581DE1D93D00BB0ABA /* AppDelegate.m in Sources */,
				B08CFA551DE1D93D00BB0ABA /* main.m in Sources */,
			);
			runOnlyForDeploymentPostprocessing = 0;
		};
		B08CFA651DE1D93D00BB0ABA /* Sources */ = {
			isa = PBXSourcesBuildPhase;
			buildActionMask = 2147483647;
			files = (
				B08CFA6E1DE1D93D00BB0ABA /* ssau_chat_ibasTests.m in Sources */,
			);
			runOnlyForDeploymentPostprocessing = 0;
		};
		B08CFA701DE1D93D00BB0ABA /* Sources */ = {
			isa = PBXSourcesBuildPhase;
			buildActionMask = 2147483647;
			files = (
				B08CFA791DE1D93D00BB0ABA /* ssau_chat_ibasUITests.m in Sources */,
			);
			runOnlyForDeploymentPostprocessing = 0;
		};
/* End PBXSourcesBuildPhase section */

/* Begin PBXTargetDependency section */
		B08CFA6B1DE1D93D00BB0ABA /* PBXTargetDependency */ = {
			isa = PBXTargetDependency;
			target = B08CFA4F1DE1D93D00BB0ABA /* ssau-chat-ibas */;
			targetProxy = B08CFA6A1DE1D93D00BB0ABA /* PBXContainerItemProxy */;
		};
		B08CFA761DE1D93D00BB0ABA /* PBXTargetDependency */ = {
			isa = PBXTargetDependency;
			target = B08CFA4F1DE1D93D00BB0ABA /* ssau-chat-ibas */;
			targetProxy = B08CFA751DE1D93D00BB0ABA /* PBXContainerItemProxy */;
		};
/* End PBXTargetDependency section */

/* Begin PBXVariantGroup section */
		B08CFA5C1DE1D93D00BB0ABA /* Main.storyboard */ = {
			isa = PBXVariantGroup;
			children = (
				B08CFA5D1DE1D93D00BB0ABA /* Base */,
			);
			name = Main.storyboard;
			sourceTree = "<group>";
		};
		B08CFA611DE1D93D00BB0ABA /* LaunchScreen.storyboard */ = {
			isa = PBXVariantGroup;
			children = (
				B08CFA621DE1D93D00BB0ABA /* Base */,
			);
			name = LaunchScreen.storyboard;
			sourceTree = "<group>";
		};
/* End PBXVariantGroup section */

/* Begin XCBuildConfiguration section */
		B08CFA7B1DE1D93D00BB0ABA /* Debug */ = {
			isa = XCBuildConfiguration;
			buildSettings = {
				ALWAYS_SEARCH_USER_PATHS = NO;
				CLANG_ANALYZER_NONNULL = YES;
				CLANG_CXX_LANGUAGE_STANDARD = "gnu++0x";
				CLANG_CXX_LIBRARY = "libc++";
				CLANG_ENABLE_MODULES = YES;
				CLANG_ENABLE_OBJC_ARC = YES;
				CLANG_WARN_BOOL_CONVERSION = YES;
				CLANG_WARN_CONSTANT_CONVERSION = YES;
				CLANG_WARN_DIRECT_OBJC_ISA_USAGE = YES_ERROR;
				CLANG_WARN_DOCUMENTATION_COMMENTS = YES;
				CLANG_WARN_EMPTY_BODY = YES;
				CLANG_WARN_ENUM_CONVERSION = YES;
				CLANG_WARN_INFINITE_RECURSION = YES;
				CLANG_WARN_INT_CONVERSION = YES;
				CLANG_WARN_OBJC_ROOT_CLASS = YES_ERROR;
				CLANG_WARN_SUSPICIOUS_MOVES = YES;
				CLANG_WARN_UNREACHABLE_CODE = YES;
				CLANG_WARN__DUPLICATE_METHOD_MATCH = YES;
				"CODE_SIGN_IDENTITY[sdk=iphoneos*]" = "iPhone Developer";
				COPY_PHASE_STRIP = NO;
				DEBUG_INFORMATION_FORMAT = dwarf;
				ENABLE_STRICT_OBJC_MSGSEND = YES;
				ENABLE_TESTABILITY = YES;
				GCC_C_LANGUAGE_STANDARD = gnu99;
				GCC_DYNAMIC_NO_PIC = NO;
				GCC_NO_COMMON_BLOCKS = YES;
				GCC_OPTIMIZATION_LEVEL = 0;
				GCC_PREPROCESSOR_DEFINITIONS = (
					"DEBUG=1",
					"$(inherited)",
				);
				GCC_WARN_64_TO_32_BIT_CONVERSION = YES;
				GCC_WARN_ABOUT_RETURN_TYPE = YES_ERROR;
				GCC_WARN_UNDECLARED_SELECTOR = YES;
				GCC_WARN_UNINITIALIZED_AUTOS = YES_AGGRESSIVE;
				GCC_WARN_UNUSED_FUNCTION = YES;
				GCC_WARN_UNUSED_VARIABLE = YES;
				IPHONEOS_DEPLOYMENT_TARGET = 10.0;
				MTL_ENABLE_DEBUG_INFO = YES;
				ONLY_ACTIVE_ARCH = YES;
				SDKROOT = iphoneos;
			};
			name = Debug;
		};
		B08CFA7C1DE1D93D00BB0ABA /* Release */ = {
			isa = XCBuildConfiguration;
			buildSettings = {
				ALWAYS_SEARCH_USER_PATHS = NO;
				CLANG_ANALYZER_NONNULL = YES;
				CLANG_CXX_LANGUAGE_STANDARD = "gnu++0x";
				CLANG_CXX_LIBRARY = "libc++";
				CLANG_ENABLE_MODULES = YES;
				CLANG_ENABLE_OBJC_ARC = YES;
				CLANG_WARN_BOOL_CONVERSION = YES;
				CLANG_WARN_CONSTANT_CONVERSION = YES;
				CLANG_WARN_DIRECT_OBJC_ISA_USAGE = YES_ERROR;
				CLANG_WARN_DOCUMENTATION_COMMENTS = YES;
				CLANG_WARN_EMPTY_BODY = YES;
				CLANG_WARN_ENUM_CONVERSION = YES;
				CLANG_WARN_INFINITE_RECURSION = YES;
				CLANG_WARN_INT_CONVERSION = YES;
				CLANG_WARN_OBJC_ROOT_CLASS = YES_ERROR;
				CLANG_WARN_SUSPICIOUS_MOVES = YES;
				CLANG_WARN_UNREACHABLE_CODE = YES;
				CLANG_WARN__DUPLICATE_METHOD_MATCH = YES;
				"CODE_SIGN_IDENTITY[sdk=iphoneos*]" = "iPhone Developer";
				COPY_PHASE_STRIP = NO;
				DEBUG_INFORMATION_FORMAT = "dwarf-with-dsym";
				ENABLE_NS_ASSERTIONS = NO;
				ENABLE_STRICT_OBJC_MSGSEND = YES;
				GCC_C_LANGUAGE_STANDARD = gnu99;
				GCC_NO_COMMON_BLOCKS = YES;
				GCC_WARN_64_TO_32_BIT_CONVERSION = YES;
				GCC_WARN_ABOUT_RETURN_TYPE = YES_ERROR;
				GCC_WARN_UNDECLARED_SELECTOR = YES;
				GCC_WARN_UNINITIALIZED_AUTOS = YES_AGGRESSIVE;
				GCC_WARN_UNUSED_FUNCTION = YES;
				GCC_WARN_UNUSED_VARIABLE = YES;
				IPHONEOS_DEPLOYMENT_TARGET = 10.0;
				MTL_ENABLE_DEBUG_INFO = NO;
				SDKROOT = iphoneos;
				VALIDATE_PRODUCT = YES;
			};
			name = Release;
		};
		B08CFA7E1DE1D93D00BB0ABA /* Debug */ = {
			isa = XCBuildConfiguration;
			baseConfigurationReference = A1083EA35C99D5301FB15402 /* Pods-ssau-chat-ibas.debug.xcconfig */;
			buildSettings = {
				ASSETCATALOG_COMPILER_APPICON_NAME = AppIcon;
				DEVELOPMENT_TEAM = YJ7WEU84RH;
				INFOPLIST_FILE = "ssau-chat-ibas/Info.plist";
				LD_RUNPATH_SEARCH_PATHS = "$(inherited) @executable_path/Frameworks";
				PRODUCT_BUNDLE_IDENTIFIER = "IG.ssau-chat-ibas";
				PRODUCT_NAME = "$(TARGET_NAME)";
			};
			name = Debug;
		};
		B08CFA7F1DE1D93D00BB0ABA /* Release */ = {
			isa = XCBuildConfiguration;
			baseConfigurationReference = F52C3301CEE6C6235AFBB9DC /* Pods-ssau-chat-ibas.release.xcconfig */;
			buildSettings = {
				ASSETCATALOG_COMPILER_APPICON_NAME = AppIcon;
				DEVELOPMENT_TEAM = YJ7WEU84RH;
				INFOPLIST_FILE = "ssau-chat-ibas/Info.plist";
				LD_RUNPATH_SEARCH_PATHS = "$(inherited) @executable_path/Frameworks";
				PRODUCT_BUNDLE_IDENTIFIER = "IG.ssau-chat-ibas";
				PRODUCT_NAME = "$(TARGET_NAME)";
			};
			name = Release;
		};
		B08CFA811DE1D93D00BB0ABA /* Debug */ = {
			isa = XCBuildConfiguration;
			baseConfigurationReference = 16F4402B89B5D301A93DCC34 /* Pods-ssau-chat-ibasTests.debug.xcconfig */;
			buildSettings = {
				BUNDLE_LOADER = "$(TEST_HOST)";
				DEVELOPMENT_TEAM = YJ7WEU84RH;
				INFOPLIST_FILE = "ssau-chat-ibasTests/Info.plist";
				LD_RUNPATH_SEARCH_PATHS = "$(inherited) @executable_path/Frameworks @loader_path/Frameworks";
				PRODUCT_BUNDLE_IDENTIFIER = "IG.ssau-chat-ibasTests";
				PRODUCT_NAME = "$(TARGET_NAME)";
				TEST_HOST = "$(BUILT_PRODUCTS_DIR)/ssau-chat-ibas.app/ssau-chat-ibas";
			};
			name = Debug;
		};
		B08CFA821DE1D93D00BB0ABA /* Release */ = {
			isa = XCBuildConfiguration;
			baseConfigurationReference = F72C2355A2BF0354E0AFF80E /* Pods-ssau-chat-ibasTests.release.xcconfig */;
			buildSettings = {
				BUNDLE_LOADER = "$(TEST_HOST)";
				DEVELOPMENT_TEAM = YJ7WEU84RH;
				INFOPLIST_FILE = "ssau-chat-ibasTests/Info.plist";
				LD_RUNPATH_SEARCH_PATHS = "$(inherited) @executable_path/Frameworks @loader_path/Frameworks";
				PRODUCT_BUNDLE_IDENTIFIER = "IG.ssau-chat-ibasTests";
				PRODUCT_NAME = "$(TARGET_NAME)";
				TEST_HOST = "$(BUILT_PRODUCTS_DIR)/ssau-chat-ibas.app/ssau-chat-ibas";
			};
			name = Release;
		};
		B08CFA841DE1D93D00BB0ABA /* Debug */ = {
			isa = XCBuildConfiguration;
			baseConfigurationReference = 76E92BF15A508964965FC43B /* Pods-ssau-chat-ibasUITests.debug.xcconfig */;
			buildSettings = {
				DEVELOPMENT_TEAM = YJ7WEU84RH;
				INFOPLIST_FILE = "ssau-chat-ibasUITests/Info.plist";
				LD_RUNPATH_SEARCH_PATHS = "$(inherited) @executable_path/Frameworks @loader_path/Frameworks";
				PRODUCT_BUNDLE_IDENTIFIER = "IG.ssau-chat-ibasUITests";
				PRODUCT_NAME = "$(TARGET_NAME)";
				TEST_TARGET_NAME = "ssau-chat-ibas";
			};
			name = Debug;
		};
		B08CFA851DE1D93D00BB0ABA /* Release */ = {
			isa = XCBuildConfiguration;
			baseConfigurationReference = 9054DE7294751D39DBCBB8B9 /* Pods-ssau-chat-ibasUITests.release.xcconfig */;
			buildSettings = {
				DEVELOPMENT_TEAM = YJ7WEU84RH;
				INFOPLIST_FILE = "ssau-chat-ibasUITests/Info.plist";
				LD_RUNPATH_SEARCH_PATHS = "$(inherited) @executable_path/Frameworks @loader_path/Frameworks";
				PRODUCT_BUNDLE_IDENTIFIER = "IG.ssau-chat-ibasUITests";
				PRODUCT_NAME = "$(TARGET_NAME)";
				TEST_TARGET_NAME = "ssau-chat-ibas";
			};
			name = Release;
		};
/* End XCBuildConfiguration section */

/* Begin XCConfigurationList section */
		B08CFA4B1DE1D93C00BB0ABA /* Build configuration list for PBXProject "ssau-chat-ibas" */ = {
			isa = XCConfigurationList;
			buildConfigurations = (
				B08CFA7B1DE1D93D00BB0ABA /* Debug */,
				B08CFA7C1DE1D93D00BB0ABA /* Release */,
			);
			defaultConfigurationIsVisible = 0;
			defaultConfigurationName = Release;
		};
		B08CFA7D1DE1D93D00BB0ABA /* Build configuration list for PBXNativeTarget "ssau-chat-ibas" */ = {
			isa = XCConfigurationList;
			buildConfigurations = (
				B08CFA7E1DE1D93D00BB0ABA /* Debug */,
				B08CFA7F1DE1D93D00BB0ABA /* Release */,
			);
			defaultConfigurationIsVisible = 0;
			defaultConfigurationName = Release;
		};
		B08CFA801DE1D93D00BB0ABA /* Build configuration list for PBXNativeTarget "ssau-chat-ibasTests" */ = {
			isa = XCConfigurationList;
			buildConfigurations = (
				B08CFA811DE1D93D00BB0ABA /* Debug */,
				B08CFA821DE1D93D00BB0ABA /* Release */,
			);
			defaultConfigurationIsVisible = 0;
			defaultConfigurationName = Release;
		};
		B08CFA831DE1D93D00BB0ABA /* Build configuration list for PBXNativeTarget "ssau-chat-ibasUITests" */ = {
			isa = XCConfigurationList;
			buildConfigurations = (
				B08CFA841DE1D93D00BB0ABA /* Debug */,
				B08CFA851DE1D93D00BB0ABA /* Release */,
			);
			defaultConfigurationIsVisible = 0;
			defaultConfigurationName = Release;
		};
/* End XCConfigurationList section */
	};
	rootObject = B08CFA481DE1D93C00BB0ABA /* Project object */;
}
